
Microsoft Visual Studio Solution File, Format Version 12.00
# Visual Studio Version 17
VisualStudioVersion = 17.7.34024.191
MinimumVisualStudioVersion = 10.0.40219.1
Project("{9A19103F-16F7-4668-BE54-9A1E7A4F7556}") = "ADO.NET", "ADO.NET\ADO.NET.csproj", "{110D745A-B9B5-4761-823A-B3997059B975}"
EndProject
Project("{FAE04EC0-301F-11D3-BF4B-00C04F79EFBC}") = "AdoNetCRUD", "AdoNetCRUD\AdoNetCRUD.csproj", "{29550E65-4FEF-4C14-8AD7-FC39067933B3}"
EndProject
Global
	GlobalSection(SolutionConfigurationPlatforms) = preSolution
		Debug|Any CPU = Debug|Any CPU
		Release|Any CPU = Release|Any CPU
	EndGlobalSection
	GlobalSection(ProjectConfigurationPlatforms) = postSolution
		{110D745A-B9B5-4761-823A-B3997059B975}.Debug|Any CPU.ActiveCfg = Debug|Any CPU
		{110D745A-B9B5-4761-823A-B3997059B975}.Debug|Any CPU.Build.0 = Debug|Any CPU
		{110D745A-B9B5-4761-823A-B3997059B975}.Release|Any CPU.ActiveCfg = Release|Any CPU
		{110D745A-B9B5-4761-823A-B3997059B975}.Release|Any CPU.Build.0 = Release|Any CPU
		{29550E65-4FEF-4C14-8AD7-FC39067933B3}.Debug|Any CPU.ActiveCfg = Debug|Any CPU
		{29550E65-4FEF-4C14-8AD7-FC39067933B3}.Debug|Any CPU.Build.0 = Debug|Any CPU
		{29550E65-4FEF-4C14-8AD7-FC39067933B3}.Release|Any CPU.ActiveCfg = Release|Any CPU
		{29550E65-4FEF-4C14-8AD7-FC39067933B3}.Release|Any CPU.Build.0 = Release|Any CPU
	EndGlobalSection
	GlobalSection(SolutionProperties) = preSolution
		HideSolutionNode = FALSE
	EndGlobalSection
	GlobalSection(ExtensibilityGlobals) = postSolution
		SolutionGuid = {A0CD6F17-0B83-4280-88AF-A04A6527E507}
	EndGlobalSection
EndGlobal
